// !$*UTF8*$!
{
	archiveVersion = 1;
	classes = {
	};
	objectVersion = 50;
	objects = {

/* Begin PBXBuildFile section */
		801E3EC622E2144200F6780E /* Secrets.swift in Sources */ = {isa = PBXBuildFile; fileRef = 801E3EC522E2144200F6780E /* Secrets.swift */; };
		8096CC0222E0B5A5009B325D /* ImageDownloader.swift in Sources */ = {isa = PBXBuildFile; fileRef = 8096CC0122E0B5A5009B325D /* ImageDownloader.swift */; };
		8096CC0422E0BA36009B325D /* PendingOperations.swift in Sources */ = {isa = PBXBuildFile; fileRef = 8096CC0322E0BA36009B325D /* PendingOperations.swift */; };
		8096CC1022E1A387009B325D /* ImageDownload.swift in Sources */ = {isa = PBXBuildFile; fileRef = 8096CC0F22E1A387009B325D /* ImageDownload.swift */; };
		8096CC1222E2032E009B325D /* Imageable.swift in Sources */ = {isa = PBXBuildFile; fileRef = 8096CC1122E2032E009B325D /* Imageable.swift */; };
		809A3CC122E477B800D85381 /* UIViewController.swift in Sources */ = {isa = PBXBuildFile; fileRef = 809A3CC022E477B800D85381 /* UIViewController.swift */; };
		80BF3FA022D265C8006492E5 /* AppDelegate.swift in Sources */ = {isa = PBXBuildFile; fileRef = 80BF3F9F22D265C8006492E5 /* AppDelegate.swift */; };
		80BF3FA222D265C8006492E5 /* MainViewController.swift in Sources */ = {isa = PBXBuildFile; fileRef = 80BF3FA122D265C8006492E5 /* MainViewController.swift */; };
		80BF3FA522D265C8006492E5 /* Main.storyboard in Resources */ = {isa = PBXBuildFile; fileRef = 80BF3FA322D265C8006492E5 /* Main.storyboard */; };
		80BF3FA722D265C9006492E5 /* Assets.xcassets in Resources */ = {isa = PBXBuildFile; fileRef = 80BF3FA622D265C9006492E5 /* Assets.xcassets */; };
		80BF3FAA22D265C9006492E5 /* LaunchScreen.storyboard in Resources */ = {isa = PBXBuildFile; fileRef = 80BF3FA822D265C9006492E5 /* LaunchScreen.storyboard */; };
		80BF3FB422D85AA3006492E5 /* MovieGenre.swift in Sources */ = {isa = PBXBuildFile; fileRef = 80BF3FB322D85AA3006492E5 /* MovieGenre.swift */; };
		80BF3FB622D85BDE006492E5 /* Actor.swift in Sources */ = {isa = PBXBuildFile; fileRef = 80BF3FB522D85BDE006492E5 /* Actor.swift */; };
		80BF3FB822D85EB1006492E5 /* Decade.swift in Sources */ = {isa = PBXBuildFile; fileRef = 80BF3FB722D85EB1006492E5 /* Decade.swift */; };
		80BF3FBA22D9D140006492E5 /* Watcher.swift in Sources */ = {isa = PBXBuildFile; fileRef = 80BF3FB922D9D140006492E5 /* Watcher.swift */; };
		80BF3FBD22D9D549006492E5 /* GenreController.swift in Sources */ = {isa = PBXBuildFile; fileRef = 80BF3FBC22D9D549006492E5 /* GenreController.swift */; };
		80BF3FBF22DA4DE6006492E5 /* Movie.swift in Sources */ = {isa = PBXBuildFile; fileRef = 80BF3FBE22DA4DE6006492E5 /* Movie.swift */; };
		80BF3FC222DA531C006492E5 /* MovieMatcher.swift in Sources */ = {isa = PBXBuildFile; fileRef = 80BF3FC122DA531C006492E5 /* MovieMatcher.swift */; };
		80BF3FC722DB1FE4006492E5 /* GenreDatasource.swift in Sources */ = {isa = PBXBuildFile; fileRef = 80BF3FC622DB1FE4006492E5 /* GenreDatasource.swift */; };
		80BF3FCB22DB2545006492E5 /* ActorController.swift in Sources */ = {isa = PBXBuildFile; fileRef = 80BF3FCA22DB2545006492E5 /* ActorController.swift */; };
		80BF3FCE22DC565C006492E5 /* GenreCell.swift in Sources */ = {isa = PBXBuildFile; fileRef = 80BF3FCD22DC565C006492E5 /* GenreCell.swift */; };
		80BF3FD022DC5F04006492E5 /* GenreDelegate.swift in Sources */ = {isa = PBXBuildFile; fileRef = 80BF3FCF22DC5F04006492E5 /* GenreDelegate.swift */; };
		80BF3FD222DC6D78006492E5 /* GenreViewModel.swift in Sources */ = {isa = PBXBuildFile; fileRef = 80BF3FD122DC6D78006492E5 /* GenreViewModel.swift */; };
		80BF3FD722DCE6CA006492E5 /* ActorCell.swift in Sources */ = {isa = PBXBuildFile; fileRef = 80BF3FD622DCE6CA006492E5 /* ActorCell.swift */; };
		80BF3FD922DCE95A006492E5 /* ActorDelegate.swift in Sources */ = {isa = PBXBuildFile; fileRef = 80BF3FD822DCE95A006492E5 /* ActorDelegate.swift */; };
		80BF3FDB22DCEB91006492E5 /* ActorViewModel.swift in Sources */ = {isa = PBXBuildFile; fileRef = 80BF3FDA22DCEB91006492E5 /* ActorViewModel.swift */; };
		80BF3FDD22DCEC3F006492E5 /* ActorDatasource.swift in Sources */ = {isa = PBXBuildFile; fileRef = 80BF3FDC22DCEC3F006492E5 /* ActorDatasource.swift */; };
		80EB9A2222DDADD700F53D05 /* DecadeController.swift in Sources */ = {isa = PBXBuildFile; fileRef = 80EB9A2122DDADD700F53D05 /* DecadeController.swift */; };
		80EB9A2722DDB10200F53D05 /* DecadeDelegate.swift in Sources */ = {isa = PBXBuildFile; fileRef = 80EB9A2622DDB10200F53D05 /* DecadeDelegate.swift */; };
		80EB9A2922DDB68500F53D05 /* DecadeViewModel.swift in Sources */ = {isa = PBXBuildFile; fileRef = 80EB9A2822DDB68500F53D05 /* DecadeViewModel.swift */; };
		80EB9A2B22DDC19700F53D05 /* DecadeDatasource.swift in Sources */ = {isa = PBXBuildFile; fileRef = 80EB9A2A22DDC19700F53D05 /* DecadeDatasource.swift */; };
		80EB9A2D22DDC23700F53D05 /* DecadeCell.swift in Sources */ = {isa = PBXBuildFile; fileRef = 80EB9A2C22DDC23700F53D05 /* DecadeCell.swift */; };
		80EB9A3022DE086900F53D05 /* MovieCell.swift in Sources */ = {isa = PBXBuildFile; fileRef = 80EB9A2F22DE086900F53D05 /* MovieCell.swift */; };
		80EB9A3222DE08B600F53D05 /* MovieViewModel.swift in Sources */ = {isa = PBXBuildFile; fileRef = 80EB9A3122DE08B600F53D05 /* MovieViewModel.swift */; };
		80EB9A3422DE0A4800F53D05 /* ResultController.swift in Sources */ = {isa = PBXBuildFile; fileRef = 80EB9A3322DE0A4800F53D05 /* ResultController.swift */; };
		80EB9A3622DE0A9100F53D05 /* MovieController.swift in Sources */ = {isa = PBXBuildFile; fileRef = 80EB9A3522DE0A9100F53D05 /* MovieController.swift */; };
		80EB9A3822DEFB8D00F53D05 /* MovieDelegate.swift in Sources */ = {isa = PBXBuildFile; fileRef = 80EB9A3722DEFB8D00F53D05 /* MovieDelegate.swift */; };
		80EB9A3A22DEFC7400F53D05 /* MovieDatasource.swift in Sources */ = {isa = PBXBuildFile; fileRef = 80EB9A3922DEFC7400F53D05 /* MovieDatasource.swift */; };
		80EB9A3D22DF192A00F53D05 /* APIClient.swift in Sources */ = {isa = PBXBuildFile; fileRef = 80EB9A3C22DF192A00F53D05 /* APIClient.swift */; };
		80EB9A4022DF6A1900F53D05 /* Endpoint.swift in Sources */ = {isa = PBXBuildFile; fileRef = 80EB9A3F22DF6A1900F53D05 /* Endpoint.swift */; };
		80EB9A4422DF760900F53D05 /* APIError.swift in Sources */ = {isa = PBXBuildFile; fileRef = 80EB9A4322DF760900F53D05 /* APIError.swift */; };
		80EB9A4922DF7CCD00F53D05 /* MovieDBAPIClient.swift in Sources */ = {isa = PBXBuildFile; fileRef = 80EB9A4822DF7CCD00F53D05 /* MovieDBAPIClient.swift */; };
/* End PBXBuildFile section */

/* Begin PBXFileReference section */
		801E3EC522E2144200F6780E /* Secrets.swift */ = {isa = PBXFileReference; lastKnownFileType = sourcecode.swift; path = Secrets.swift; sourceTree = "<group>"; };
		8096CC0122E0B5A5009B325D /* ImageDownloader.swift */ = {isa = PBXFileReference; lastKnownFileType = sourcecode.swift; path = ImageDownloader.swift; sourceTree = "<group>"; };
		8096CC0322E0BA36009B325D /* PendingOperations.swift */ = {isa = PBXFileReference; lastKnownFileType = sourcecode.swift; path = PendingOperations.swift; sourceTree = "<group>"; };
		8096CC0F22E1A387009B325D /* ImageDownload.swift */ = {isa = PBXFileReference; lastKnownFileType = sourcecode.swift; path = ImageDownload.swift; sourceTree = "<group>"; };
		8096CC1122E2032E009B325D /* Imageable.swift */ = {isa = PBXFileReference; lastKnownFileType = sourcecode.swift; path = Imageable.swift; sourceTree = "<group>"; };
		809A3CC022E477B800D85381 /* UIViewController.swift */ = {isa = PBXFileReference; lastKnownFileType = sourcecode.swift; path = UIViewController.swift; sourceTree = "<group>"; };
		80BF3F9C22D265C8006492E5 /* Movie Night.app */ = {isa = PBXFileReference; explicitFileType = wrapper.application; includeInIndex = 0; path = "Movie Night.app"; sourceTree = BUILT_PRODUCTS_DIR; };
		80BF3F9F22D265C8006492E5 /* AppDelegate.swift */ = {isa = PBXFileReference; lastKnownFileType = sourcecode.swift; path = AppDelegate.swift; sourceTree = "<group>"; };
		80BF3FA122D265C8006492E5 /* MainViewController.swift */ = {isa = PBXFileReference; lastKnownFileType = sourcecode.swift; path = MainViewController.swift; sourceTree = "<group>"; };
		80BF3FA422D265C8006492E5 /* Base */ = {isa = PBXFileReference; lastKnownFileType = file.storyboard; name = Base; path = Base.lproj/Main.storyboard; sourceTree = "<group>"; };
		80BF3FA622D265C9006492E5 /* Assets.xcassets */ = {isa = PBXFileReference; lastKnownFileType = folder.assetcatalog; path = Assets.xcassets; sourceTree = "<group>"; };
		80BF3FA922D265C9006492E5 /* Base */ = {isa = PBXFileReference; lastKnownFileType = file.storyboard; name = Base; path = Base.lproj/LaunchScreen.storyboard; sourceTree = "<group>"; };
		80BF3FAB22D265C9006492E5 /* Info.plist */ = {isa = PBXFileReference; lastKnownFileType = text.plist.xml; path = Info.plist; sourceTree = "<group>"; };
		80BF3FB322D85AA3006492E5 /* MovieGenre.swift */ = {isa = PBXFileReference; lastKnownFileType = sourcecode.swift; path = MovieGenre.swift; sourceTree = "<group>"; };
		80BF3FB522D85BDE006492E5 /* Actor.swift */ = {isa = PBXFileReference; lastKnownFileType = sourcecode.swift; path = Actor.swift; sourceTree = "<group>"; };
		80BF3FB722D85EB1006492E5 /* Decade.swift */ = {isa = PBXFileReference; lastKnownFileType = sourcecode.swift; path = Decade.swift; sourceTree = "<group>"; };
		80BF3FB922D9D140006492E5 /* Watcher.swift */ = {isa = PBXFileReference; lastKnownFileType = sourcecode.swift; path = Watcher.swift; sourceTree = "<group>"; };
		80BF3FBC22D9D549006492E5 /* GenreController.swift */ = {isa = PBXFileReference; lastKnownFileType = sourcecode.swift; path = GenreController.swift; sourceTree = "<group>"; };
		80BF3FBE22DA4DE6006492E5 /* Movie.swift */ = {isa = PBXFileReference; lastKnownFileType = sourcecode.swift; path = Movie.swift; sourceTree = "<group>"; };
		80BF3FC122DA531C006492E5 /* MovieMatcher.swift */ = {isa = PBXFileReference; lastKnownFileType = sourcecode.swift; path = MovieMatcher.swift; sourceTree = "<group>"; };
		80BF3FC622DB1FE4006492E5 /* GenreDatasource.swift */ = {isa = PBXFileReference; lastKnownFileType = sourcecode.swift; path = GenreDatasource.swift; sourceTree = "<group>"; };
		80BF3FCA22DB2545006492E5 /* ActorController.swift */ = {isa = PBXFileReference; lastKnownFileType = sourcecode.swift; path = ActorController.swift; sourceTree = "<group>"; };
		80BF3FCD22DC565C006492E5 /* GenreCell.swift */ = {isa = PBXFileReference; lastKnownFileType = sourcecode.swift; path = GenreCell.swift; sourceTree = "<group>"; };
		80BF3FCF22DC5F04006492E5 /* GenreDelegate.swift */ = {isa = PBXFileReference; lastKnownFileType = sourcecode.swift; path = GenreDelegate.swift; sourceTree = "<group>"; };
		80BF3FD122DC6D78006492E5 /* GenreViewModel.swift */ = {isa = PBXFileReference; lastKnownFileType = sourcecode.swift; path = GenreViewModel.swift; sourceTree = "<group>"; };
		80BF3FD622DCE6CA006492E5 /* ActorCell.swift */ = {isa = PBXFileReference; lastKnownFileType = sourcecode.swift; path = ActorCell.swift; sourceTree = "<group>"; };
		80BF3FD822DCE95A006492E5 /* ActorDelegate.swift */ = {isa = PBXFileReference; lastKnownFileType = sourcecode.swift; path = ActorDelegate.swift; sourceTree = "<group>"; };
		80BF3FDA22DCEB91006492E5 /* ActorViewModel.swift */ = {isa = PBXFileReference; lastKnownFileType = sourcecode.swift; path = ActorViewModel.swift; sourceTree = "<group>"; };
		80BF3FDC22DCEC3F006492E5 /* ActorDatasource.swift */ = {isa = PBXFileReference; lastKnownFileType = sourcecode.swift; path = ActorDatasource.swift; sourceTree = "<group>"; };
		80EB9A2122DDADD700F53D05 /* DecadeController.swift */ = {isa = PBXFileReference; lastKnownFileType = sourcecode.swift; path = DecadeController.swift; sourceTree = "<group>"; };
		80EB9A2622DDB10200F53D05 /* DecadeDelegate.swift */ = {isa = PBXFileReference; lastKnownFileType = sourcecode.swift; path = DecadeDelegate.swift; sourceTree = "<group>"; };
		80EB9A2822DDB68500F53D05 /* DecadeViewModel.swift */ = {isa = PBXFileReference; lastKnownFileType = sourcecode.swift; path = DecadeViewModel.swift; sourceTree = "<group>"; };
		80EB9A2A22DDC19700F53D05 /* DecadeDatasource.swift */ = {isa = PBXFileReference; lastKnownFileType = sourcecode.swift; path = DecadeDatasource.swift; sourceTree = "<group>"; };
		80EB9A2C22DDC23700F53D05 /* DecadeCell.swift */ = {isa = PBXFileReference; lastKnownFileType = sourcecode.swift; path = DecadeCell.swift; sourceTree = "<group>"; };
		80EB9A2F22DE086900F53D05 /* MovieCell.swift */ = {isa = PBXFileReference; lastKnownFileType = sourcecode.swift; path = MovieCell.swift; sourceTree = "<group>"; };
		80EB9A3122DE08B600F53D05 /* MovieViewModel.swift */ = {isa = PBXFileReference; lastKnownFileType = sourcecode.swift; path = MovieViewModel.swift; sourceTree = "<group>"; };
		80EB9A3322DE0A4800F53D05 /* ResultController.swift */ = {isa = PBXFileReference; lastKnownFileType = sourcecode.swift; path = ResultController.swift; sourceTree = "<group>"; };
		80EB9A3522DE0A9100F53D05 /* MovieController.swift */ = {isa = PBXFileReference; lastKnownFileType = sourcecode.swift; path = MovieController.swift; sourceTree = "<group>"; };
		80EB9A3722DEFB8D00F53D05 /* MovieDelegate.swift */ = {isa = PBXFileReference; lastKnownFileType = sourcecode.swift; path = MovieDelegate.swift; sourceTree = "<group>"; };
		80EB9A3922DEFC7400F53D05 /* MovieDatasource.swift */ = {isa = PBXFileReference; lastKnownFileType = sourcecode.swift; path = MovieDatasource.swift; sourceTree = "<group>"; };
		80EB9A3C22DF192A00F53D05 /* APIClient.swift */ = {isa = PBXFileReference; lastKnownFileType = sourcecode.swift; path = APIClient.swift; sourceTree = "<group>"; };
		80EB9A3F22DF6A1900F53D05 /* Endpoint.swift */ = {isa = PBXFileReference; lastKnownFileType = sourcecode.swift; path = Endpoint.swift; sourceTree = "<group>"; };
		80EB9A4322DF760900F53D05 /* APIError.swift */ = {isa = PBXFileReference; lastKnownFileType = sourcecode.swift; path = APIError.swift; sourceTree = "<group>"; };
		80EB9A4822DF7CCD00F53D05 /* MovieDBAPIClient.swift */ = {isa = PBXFileReference; lastKnownFileType = sourcecode.swift; path = MovieDBAPIClient.swift; sourceTree = "<group>"; };
/* End PBXFileReference section */

/* Begin PBXFrameworksBuildPhase section */
		80BF3F9922D265C8006492E5 /* Frameworks */ = {
			isa = PBXFrameworksBuildPhase;
			buildActionMask = 2147483647;
			files = (
			);
			runOnlyForDeploymentPostprocessing = 0;
		};
/* End PBXFrameworksBuildPhase section */

/* Begin PBXGroup section */
		809A3CBF22E477A600D85381 /* Extensions */ = {
			isa = PBXGroup;
			children = (
				809A3CC022E477B800D85381 /* UIViewController.swift */,
			);
			path = Extensions;
			sourceTree = "<group>";
		};
		80BF3F9322D265C8006492E5 = {
			isa = PBXGroup;
			children = (
				80BF3F9E22D265C8006492E5 /* Movie Night */,
				80BF3F9D22D265C8006492E5 /* Products */,
			);
			sourceTree = "<group>";
		};
		80BF3F9D22D265C8006492E5 /* Products */ = {
			isa = PBXGroup;
			children = (
				80BF3F9C22D265C8006492E5 /* Movie Night.app */,
			);
			name = Products;
			sourceTree = "<group>";
		};
		80BF3F9E22D265C8006492E5 /* Movie Night */ = {
			isa = PBXGroup;
			children = (
				80EB9A3B22DF190900F53D05 /* Networking */,
				80BF3FC522DB1ECB006492E5 /* Datasource and Delegate */,
				80BF3FC022DA5161006492E5 /* MovieMatcher */,
				80BF3FB222D85A8A006492E5 /* Models */,
				80BF3FB122D314FC006492E5 /* Views */,
				80BF3FBB22D9D215006492E5 /* Controllers */,
				809A3CBF22E477A600D85381 /* Extensions */,
				80BF3F9F22D265C8006492E5 /* AppDelegate.swift */,
				80BF3FA622D265C9006492E5 /* Assets.xcassets */,
				80BF3FAB22D265C9006492E5 /* Info.plist */,
			);
			path = "Movie Night";
			sourceTree = "<group>";
		};
		80BF3FB122D314FC006492E5 /* Views */ = {
			isa = PBXGroup;
			children = (
				80BF3FA822D265C9006492E5 /* LaunchScreen.storyboard */,
				80BF3FA322D265C8006492E5 /* Main.storyboard */,
			);
			path = Views;
			sourceTree = "<group>";
		};
		80BF3FB222D85A8A006492E5 /* Models */ = {
			isa = PBXGroup;
			children = (
				8096CC1122E2032E009B325D /* Imageable.swift */,
				80BF3FB922D9D140006492E5 /* Watcher.swift */,
				80BF3FB322D85AA3006492E5 /* MovieGenre.swift */,
				80BF3FB522D85BDE006492E5 /* Actor.swift */,
				80BF3FBE22DA4DE6006492E5 /* Movie.swift */,
				80BF3FB722D85EB1006492E5 /* Decade.swift */,
			);
			path = Models;
			sourceTree = "<group>";
		};
		80BF3FBB22D9D215006492E5 /* Controllers */ = {
			isa = PBXGroup;
			children = (
				80BF3FA122D265C8006492E5 /* MainViewController.swift */,
				80BF3FBC22D9D549006492E5 /* GenreController.swift */,
				80BF3FCA22DB2545006492E5 /* ActorController.swift */,
				80EB9A2122DDADD700F53D05 /* DecadeController.swift */,
				80EB9A3322DE0A4800F53D05 /* ResultController.swift */,
				80EB9A3522DE0A9100F53D05 /* MovieController.swift */,
			);
			path = Controllers;
			sourceTree = "<group>";
		};
		80BF3FC022DA5161006492E5 /* MovieMatcher */ = {
			isa = PBXGroup;
			children = (
				80BF3FC122DA531C006492E5 /* MovieMatcher.swift */,
			);
			path = MovieMatcher;
			sourceTree = "<group>";
		};
		80BF3FC522DB1ECB006492E5 /* Datasource and Delegate */ = {
			isa = PBXGroup;
			children = (
				80BF3FCC22DC562F006492E5 /* Genre */,
				80BF3FD522DCE63A006492E5 /* Actor */,
				80EB9A2522DDB09300F53D05 /* Decade */,
				80EB9A2E22DE062800F53D05 /* Movie */,
			);
			path = "Datasource and Delegate";
			sourceTree = "<group>";
		};
		80BF3FCC22DC562F006492E5 /* Genre */ = {
			isa = PBXGroup;
			children = (
				80BF3FCF22DC5F04006492E5 /* GenreDelegate.swift */,
				80BF3FC622DB1FE4006492E5 /* GenreDatasource.swift */,
				80BF3FCD22DC565C006492E5 /* GenreCell.swift */,
				80BF3FD122DC6D78006492E5 /* GenreViewModel.swift */,
			);
			path = Genre;
			sourceTree = "<group>";
		};
		80BF3FD522DCE63A006492E5 /* Actor */ = {
			isa = PBXGroup;
			children = (
				80BF3FD822DCE95A006492E5 /* ActorDelegate.swift */,
				80BF3FDC22DCEC3F006492E5 /* ActorDatasource.swift */,
				80BF3FD622DCE6CA006492E5 /* ActorCell.swift */,
				80BF3FDA22DCEB91006492E5 /* ActorViewModel.swift */,
			);
			path = Actor;
			sourceTree = "<group>";
		};
		80EB9A2522DDB09300F53D05 /* Decade */ = {
			isa = PBXGroup;
			children = (
				80EB9A2622DDB10200F53D05 /* DecadeDelegate.swift */,
				80EB9A2A22DDC19700F53D05 /* DecadeDatasource.swift */,
				80EB9A2C22DDC23700F53D05 /* DecadeCell.swift */,
				80EB9A2822DDB68500F53D05 /* DecadeViewModel.swift */,
			);
			path = Decade;
			sourceTree = "<group>";
		};
		80EB9A2E22DE062800F53D05 /* Movie */ = {
			isa = PBXGroup;
			children = (
				80EB9A3722DEFB8D00F53D05 /* MovieDelegate.swift */,
				80EB9A3922DEFC7400F53D05 /* MovieDatasource.swift */,
				80EB9A2F22DE086900F53D05 /* MovieCell.swift */,
				80EB9A3122DE08B600F53D05 /* MovieViewModel.swift */,
			);
			path = Movie;
			sourceTree = "<group>";
		};
		80EB9A3B22DF190900F53D05 /* Networking */ = {
			isa = PBXGroup;
			children = (
				801E3EC522E2144200F6780E /* Secrets.swift */,
				80EB9A3F22DF6A1900F53D05 /* Endpoint.swift */,
				80EB9A3C22DF192A00F53D05 /* APIClient.swift */,
				80EB9A4822DF7CCD00F53D05 /* MovieDBAPIClient.swift */,
				8096CC0F22E1A387009B325D /* ImageDownload.swift */,
				8096CC0122E0B5A5009B325D /* ImageDownloader.swift */,
				8096CC0322E0BA36009B325D /* PendingOperations.swift */,
				80EB9A4522DF76C200F53D05 /* Error */,
			);
			path = Networking;
			sourceTree = "<group>";
		};
		80EB9A4522DF76C200F53D05 /* Error */ = {
			isa = PBXGroup;
			children = (
				80EB9A4322DF760900F53D05 /* APIError.swift */,
			);
			path = Error;
			sourceTree = "<group>";
		};
/* End PBXGroup section */

/* Begin PBXNativeTarget section */
		80BF3F9B22D265C8006492E5 /* Movie Night */ = {
			isa = PBXNativeTarget;
			buildConfigurationList = 80BF3FAE22D265C9006492E5 /* Build configuration list for PBXNativeTarget "Movie Night" */;
			buildPhases = (
				80BF3F9822D265C8006492E5 /* Sources */,
				80BF3F9922D265C8006492E5 /* Frameworks */,
				80BF3F9A22D265C8006492E5 /* Resources */,
			);
			buildRules = (
			);
			dependencies = (
			);
			name = "Movie Night";
			productName = "Movie Night";
			productReference = 80BF3F9C22D265C8006492E5 /* Movie Night.app */;
			productType = "com.apple.product-type.application";
		};
/* End PBXNativeTarget section */

/* Begin PBXProject section */
		80BF3F9422D265C8006492E5 /* Project object */ = {
			isa = PBXProject;
			attributes = {
				LastSwiftUpdateCheck = 1020;
				LastUpgradeCheck = 1020;
				ORGANIZATIONNAME = "Lukas Kasakaitis";
				TargetAttributes = {
					80BF3F9B22D265C8006492E5 = {
						CreatedOnToolsVersion = 10.2.1;
					};
				};
			};
			buildConfigurationList = 80BF3F9722D265C8006492E5 /* Build configuration list for PBXProject "Movie Night" */;
			compatibilityVersion = "Xcode 9.3";
			developmentRegion = en;
			hasScannedForEncodings = 0;
			knownRegions = (
				en,
				Base,
			);
			mainGroup = 80BF3F9322D265C8006492E5;
			productRefGroup = 80BF3F9D22D265C8006492E5 /* Products */;
			projectDirPath = "";
			projectRoot = "";
			targets = (
				80BF3F9B22D265C8006492E5 /* Movie Night */,
			);
		};
/* End PBXProject section */

/* Begin PBXResourcesBuildPhase section */
		80BF3F9A22D265C8006492E5 /* Resources */ = {
			isa = PBXResourcesBuildPhase;
			buildActionMask = 2147483647;
			files = (
				80BF3FAA22D265C9006492E5 /* LaunchScreen.storyboard in Resources */,
				80BF3FA722D265C9006492E5 /* Assets.xcassets in Resources */,
				80BF3FA522D265C8006492E5 /* Main.storyboard in Resources */,
			);
			runOnlyForDeploymentPostprocessing = 0;
		};
/* End PBXResourcesBuildPhase section */

/* Begin PBXSourcesBuildPhase section */
		80BF3F9822D265C8006492E5 /* Sources */ = {
			isa = PBXSourcesBuildPhase;
			buildActionMask = 2147483647;
			files = (
				80EB9A4922DF7CCD00F53D05 /* MovieDBAPIClient.swift in Sources */,
				80EB9A3022DE086900F53D05 /* MovieCell.swift in Sources */,
				80BF3FD222DC6D78006492E5 /* GenreViewModel.swift in Sources */,
				80EB9A2B22DDC19700F53D05 /* DecadeDatasource.swift in Sources */,
				80BF3FC722DB1FE4006492E5 /* GenreDatasource.swift in Sources */,
				80BF3FBD22D9D549006492E5 /* GenreController.swift in Sources */,
				80EB9A2222DDADD700F53D05 /* DecadeController.swift in Sources */,
				80EB9A2922DDB68500F53D05 /* DecadeViewModel.swift in Sources */,
				80BF3FDD22DCEC3F006492E5 /* ActorDatasource.swift in Sources */,
				80EB9A3D22DF192A00F53D05 /* APIClient.swift in Sources */,
				80BF3FBA22D9D140006492E5 /* Watcher.swift in Sources */,
				80EB9A4422DF760900F53D05 /* APIError.swift in Sources */,
				80BF3FD022DC5F04006492E5 /* GenreDelegate.swift in Sources */,
				809A3CC122E477B800D85381 /* UIViewController.swift in Sources */,
				8096CC1222E2032E009B325D /* Imageable.swift in Sources */,
				80EB9A3422DE0A4800F53D05 /* ResultController.swift in Sources */,
				80BF3FDB22DCEB91006492E5 /* ActorViewModel.swift in Sources */,
				80EB9A3622DE0A9100F53D05 /* MovieController.swift in Sources */,
				80EB9A2722DDB10200F53D05 /* DecadeDelegate.swift in Sources */,
				80EB9A3222DE08B600F53D05 /* MovieViewModel.swift in Sources */,
				8096CC0422E0BA36009B325D /* PendingOperations.swift in Sources */,
				80BF3FA222D265C8006492E5 /* MainViewController.swift in Sources */,
				80BF3FC222DA531C006492E5 /* MovieMatcher.swift in Sources */,
				80BF3FB422D85AA3006492E5 /* MovieGenre.swift in Sources */,
				80BF3FA022D265C8006492E5 /* AppDelegate.swift in Sources */,
				80BF3FD722DCE6CA006492E5 /* ActorCell.swift in Sources */,
				80BF3FD922DCE95A006492E5 /* ActorDelegate.swift in Sources */,
				80EB9A3A22DEFC7400F53D05 /* MovieDatasource.swift in Sources */,
				80EB9A3822DEFB8D00F53D05 /* MovieDelegate.swift in Sources */,
				80EB9A2D22DDC23700F53D05 /* DecadeCell.swift in Sources */,
				80BF3FCE22DC565C006492E5 /* GenreCell.swift in Sources */,
				8096CC0222E0B5A5009B325D /* ImageDownloader.swift in Sources */,
				8096CC1022E1A387009B325D /* ImageDownload.swift in Sources */,
				80BF3FCB22DB2545006492E5 /* ActorController.swift in Sources */,
				80BF3FB622D85BDE006492E5 /* Actor.swift in Sources */,
				80BF3FBF22DA4DE6006492E5 /* Movie.swift in Sources */,
				80EB9A4022DF6A1900F53D05 /* Endpoint.swift in Sources */,
				801E3EC622E2144200F6780E /* Secrets.swift in Sources */,
				80BF3FB822D85EB1006492E5 /* Decade.swift in Sources */,
			);
			runOnlyForDeploymentPostprocessing = 0;
		};
/* End PBXSourcesBuildPhase section */

/* Begin PBXVariantGroup section */
		80BF3FA322D265C8006492E5 /* Main.storyboard */ = {
			isa = PBXVariantGroup;
			children = (
				80BF3FA422D265C8006492E5 /* Base */,
			);
			name = Main.storyboard;
			sourceTree = "<group>";
		};
		80BF3FA822D265C9006492E5 /* LaunchScreen.storyboard */ = {
			isa = PBXVariantGroup;
			children = (
				80BF3FA922D265C9006492E5 /* Base */,
			);
			name = LaunchScreen.storyboard;
			sourceTree = "<group>";
		};
/* End PBXVariantGroup section */

/* Begin XCBuildConfiguration section */
		80BF3FAC22D265C9006492E5 /* Debug */ = {
			isa = XCBuildConfiguration;
			buildSettings = {
				ALWAYS_SEARCH_USER_PATHS = NO;
				CLANG_ANALYZER_NONNULL = YES;
				CLANG_ANALYZER_NUMBER_OBJECT_CONVERSION = YES_AGGRESSIVE;
				CLANG_CXX_LANGUAGE_STANDARD = "gnu++14";
				CLANG_CXX_LIBRARY = "libc++";
				CLANG_ENABLE_MODULES = YES;
				CLANG_ENABLE_OBJC_ARC = YES;
				CLANG_ENABLE_OBJC_WEAK = YES;
				CLANG_WARN_BLOCK_CAPTURE_AUTORELEASING = YES;
				CLANG_WARN_BOOL_CONVERSION = YES;
				CLANG_WARN_COMMA = YES;
				CLANG_WARN_CONSTANT_CONVERSION = YES;
				CLANG_WARN_DEPRECATED_OBJC_IMPLEMENTATIONS = YES;
				CLANG_WARN_DIRECT_OBJC_ISA_USAGE = YES_ERROR;
				CLANG_WARN_DOCUMENTATION_COMMENTS = YES;
				CLANG_WARN_EMPTY_BODY = YES;
				CLANG_WARN_ENUM_CONVERSION = YES;
				CLANG_WARN_INFINITE_RECURSION = YES;
				CLANG_WARN_INT_CONVERSION = YES;
				CLANG_WARN_NON_LITERAL_NULL_CONVERSION = YES;
				CLANG_WARN_OBJC_IMPLICIT_RETAIN_SELF = YES;
				CLANG_WARN_OBJC_LITERAL_CONVERSION = YES;
				CLANG_WARN_OBJC_ROOT_CLASS = YES_ERROR;
				CLANG_WARN_RANGE_LOOP_ANALYSIS = YES;
				CLANG_WARN_STRICT_PROTOTYPES = YES;
				CLANG_WARN_SUSPICIOUS_MOVE = YES;
				CLANG_WARN_UNGUARDED_AVAILABILITY = YES_AGGRESSIVE;
				CLANG_WARN_UNREACHABLE_CODE = YES;
				CLANG_WARN__DUPLICATE_METHOD_MATCH = YES;
				CODE_SIGN_IDENTITY = "iPhone Developer";
				COPY_PHASE_STRIP = NO;
				DEBUG_INFORMATION_FORMAT = dwarf;
				ENABLE_STRICT_OBJC_MSGSEND = YES;
				ENABLE_TESTABILITY = YES;
				GCC_C_LANGUAGE_STANDARD = gnu11;
				GCC_DYNAMIC_NO_PIC = NO;
				GCC_NO_COMMON_BLOCKS = YES;
				GCC_OPTIMIZATION_LEVEL = 0;
				GCC_PREPROCESSOR_DEFINITIONS = (
					"DEBUG=1",
					"$(inherited)",
				);
				GCC_WARN_64_TO_32_BIT_CONVERSION = YES;
				GCC_WARN_ABOUT_RETURN_TYPE = YES_ERROR;
				GCC_WARN_UNDECLARED_SELECTOR = YES;
				GCC_WARN_UNINITIALIZED_AUTOS = YES_AGGRESSIVE;
				GCC_WARN_UNUSED_FUNCTION = YES;
				GCC_WARN_UNUSED_VARIABLE = YES;
				IPHONEOS_DEPLOYMENT_TARGET = 12.2;
				MTL_ENABLE_DEBUG_INFO = INCLUDE_SOURCE;
				MTL_FAST_MATH = YES;
				ONLY_ACTIVE_ARCH = YES;
				SDKROOT = iphoneos;
				SWIFT_ACTIVE_COMPILATION_CONDITIONS = DEBUG;
				SWIFT_OPTIMIZATION_LEVEL = "-Onone";
			};
			name = Debug;
		};
		80BF3FAD22D265C9006492E5 /* Release */ = {
			isa = XCBuildConfiguration;
			buildSettings = {
				ALWAYS_SEARCH_USER_PATHS = NO;
				CLANG_ANALYZER_NONNULL = YES;
				CLANG_ANALYZER_NUMBER_OBJECT_CONVERSION = YES_AGGRESSIVE;
				CLANG_CXX_LANGUAGE_STANDARD = "gnu++14";
				CLANG_CXX_LIBRARY = "libc++";
				CLANG_ENABLE_MODULES = YES;
				CLANG_ENABLE_OBJC_ARC = YES;
				CLANG_ENABLE_OBJC_WEAK = YES;
				CLANG_WARN_BLOCK_CAPTURE_AUTORELEASING = YES;
				CLANG_WARN_BOOL_CONVERSION = YES;
				CLANG_WARN_COMMA = YES;
				CLANG_WARN_CONSTANT_CONVERSION = YES;
				CLANG_WARN_DEPRECATED_OBJC_IMPLEMENTATIONS = YES;
				CLANG_WARN_DIRECT_OBJC_ISA_USAGE = YES_ERROR;
				CLANG_WARN_DOCUMENTATION_COMMENTS = YES;
				CLANG_WARN_EMPTY_BODY = YES;
				CLANG_WARN_ENUM_CONVERSION = YES;
				CLANG_WARN_INFINITE_RECURSION = YES;
				CLANG_WARN_INT_CONVERSION = YES;
				CLANG_WARN_NON_LITERAL_NULL_CONVERSION = YES;
				CLANG_WARN_OBJC_IMPLICIT_RETAIN_SELF = YES;
				CLANG_WARN_OBJC_LITERAL_CONVERSION = YES;
				CLANG_WARN_OBJC_ROOT_CLASS = YES_ERROR;
				CLANG_WARN_RANGE_LOOP_ANALYSIS = YES;
				CLANG_WARN_STRICT_PROTOTYPES = YES;
				CLANG_WARN_SUSPICIOUS_MOVE = YES;
				CLANG_WARN_UNGUARDED_AVAILABILITY = YES_AGGRESSIVE;
				CLANG_WARN_UNREACHABLE_CODE = YES;
				CLANG_WARN__DUPLICATE_METHOD_MATCH = YES;
				CODE_SIGN_IDENTITY = "iPhone Developer";
				COPY_PHASE_STRIP = NO;
				DEBUG_INFORMATION_FORMAT = "dwarf-with-dsym";
				ENABLE_NS_ASSERTIONS = NO;
				ENABLE_STRICT_OBJC_MSGSEND = YES;
				GCC_C_LANGUAGE_STANDARD = gnu11;
				GCC_NO_COMMON_BLOCKS = YES;
				GCC_WARN_64_TO_32_BIT_CONVERSION = YES;
				GCC_WARN_ABOUT_RETURN_TYPE = YES_ERROR;
				GCC_WARN_UNDECLARED_SELECTOR = YES;
				GCC_WARN_UNINITIALIZED_AUTOS = YES_AGGRESSIVE;
				GCC_WARN_UNUSED_FUNCTION = YES;
				GCC_WARN_UNUSED_VARIABLE = YES;
				IPHONEOS_DEPLOYMENT_TARGET = 12.2;
				MTL_ENABLE_DEBUG_INFO = NO;
				MTL_FAST_MATH = YES;
				SDKROOT = iphoneos;
				SWIFT_COMPILATION_MODE = wholemodule;
				SWIFT_OPTIMIZATION_LEVEL = "-O";
				VALIDATE_PRODUCT = YES;
			};
			name = Release;
		};
		80BF3FAF22D265C9006492E5 /* Debug */ = {
			isa = XCBuildConfiguration;
			buildSettings = {
				ASSETCATALOG_COMPILER_APPICON_NAME = AppIcon;
				CODE_SIGN_STYLE = Automatic;
				DEVELOPMENT_TEAM = 95K8REC8NW;
				INFOPLIST_FILE = "Movie Night/Info.plist";
				LD_RUNPATH_SEARCH_PATHS = (
					"$(inherited)",
					"@executable_path/Frameworks",
				);
				PRODUCT_BUNDLE_IDENTIFIER = "com.lukaskasakaitis.Movie-Night";
				PRODUCT_NAME = "$(TARGET_NAME)";
				SWIFT_VERSION = 5.0;
				TARGETED_DEVICE_FAMILY = 1;
			};
			name = Debug;
		};
		80BF3FB022D265C9006492E5 /* Release */ = {
			isa = XCBuildConfiguration;
			buildSettings = {
				ASSETCATALOG_COMPILER_APPICON_NAME = AppIcon;
				CODE_SIGN_STYLE = Automatic;
				DEVELOPMENT_TEAM = 95K8REC8NW;
				INFOPLIST_FILE = "Movie Night/Info.plist";
				LD_RUNPATH_SEARCH_PATHS = (
					"$(inherited)",
					"@executable_path/Frameworks",
				);
				PRODUCT_BUNDLE_IDENTIFIER = "com.lukaskasakaitis.Movie-Night";
				PRODUCT_NAME = "$(TARGET_NAME)";
				SWIFT_VERSION = 5.0;
				TARGETED_DEVICE_FAMILY = 1;
			};
			name = Release;
		};
/* End XCBuildConfiguration section */

/* Begin XCConfigurationList section */
		80BF3F9722D265C8006492E5 /* Build configuration list for PBXProject "Movie Night" */ = {
			isa = XCConfigurationList;
			buildConfigurations = (
				80BF3FAC22D265C9006492E5 /* Debug */,
				80BF3FAD22D265C9006492E5 /* Release */,
			);
			defaultConfigurationIsVisible = 0;
			defaultConfigurationName = Release;
		};
		80BF3FAE22D265C9006492E5 /* Build configuration list for PBXNativeTarget "Movie Night" */ = {
			isa = XCConfigurationList;
			buildConfigurations = (
				80BF3FAF22D265C9006492E5 /* Debug */,
				80BF3FB022D265C9006492E5 /* Release */,
			);
			defaultConfigurationIsVisible = 0;
			defaultConfigurationName = Release;
		};
/* End XCConfigurationList section */
	};
	rootObject = 80BF3F9422D265C8006492E5 /* Project object */;
}
